
Microsoft Visual Studio Solution File, Format Version 12.00
# Visual Studio Version 16
VisualStudioVersion = 16.0.32106.194
MinimumVisualStudioVersion = 10.0.40219.1
Project("{FAE04EC0-301F-11D3-BF4B-00C04F79EFBC}") = "YelpApp", "YelpApp.csproj", "{A5BEBFA4-BC09-4EDC-8726-A97F1ABA30DA}"
EndProject
Project("{FAE04EC0-301F-11D3-BF4B-00C04F79EFBC}") = "QueryHandler", "..\QueryHandler\QueryHandler.csproj", "{EE4FA0A1-BF41-47AD-9633-9EDA2E659002}"
EndProject
Project("{9A19103F-16F7-4668-BE54-9A1E7A4F7556}") = "TestQueries", "..\TestQueries\TestQueries.csproj", "{AB54CFB1-923A-455F-8F85-9AE070BAD2D4}"
EndProject
Global
	GlobalSection(SolutionConfigurationPlatforms) = preSolution
		Debug|Any CPU = Debug|Any CPU
		Release|Any CPU = Release|Any CPU
	EndGlobalSection
	GlobalSection(ProjectConfigurationPlatforms) = postSolution
		{A5BEBFA4-BC09-4EDC-8726-A97F1ABA30DA}.Debug|Any CPU.ActiveCfg = Debug|Any CPU
		{A5BEBFA4-BC09-4EDC-8726-A97F1ABA30DA}.Debug|Any CPU.Build.0 = Debug|Any CPU
		{A5BEBFA4-BC09-4EDC-8726-A97F1ABA30DA}.Release|Any CPU.ActiveCfg = Release|Any CPU
		{A5BEBFA4-BC09-4EDC-8726-A97F1ABA30DA}.Release|Any CPU.Build.0 = Release|Any CPU
		{EE4FA0A1-BF41-47AD-9633-9EDA2E659002}.Debug|Any CPU.ActiveCfg = Debug|Any CPU
		{EE4FA0A1-BF41-47AD-9633-9EDA2E659002}.Debug|Any CPU.Build.0 = Debug|Any CPU
		{EE4FA0A1-BF41-47AD-9633-9EDA2E659002}.Release|Any CPU.ActiveCfg = Release|Any CPU
		{EE4FA0A1-BF41-47AD-9633-9EDA2E659002}.Release|Any CPU.Build.0 = Release|Any CPU
		{AB54CFB1-923A-455F-8F85-9AE070BAD2D4}.Debug|Any CPU.ActiveCfg = Debug|Any CPU
		{AB54CFB1-923A-455F-8F85-9AE070BAD2D4}.Debug|Any CPU.Build.0 = Debug|Any CPU
		{AB54CFB1-923A-455F-8F85-9AE070BAD2D4}.Release|Any CPU.ActiveCfg = Release|Any CPU
		{AB54CFB1-923A-455F-8F85-9AE070BAD2D4}.Release|Any CPU.Build.0 = Release|Any CPU
	EndGlobalSection
	GlobalSection(SolutionProperties) = preSolution
		HideSolutionNode = FALSE
	EndGlobalSection
	GlobalSection(ExtensibilityGlobals) = postSolution
		SolutionGuid = {8EC200A3-AA20-45C7-9FDB-60624591DB35}
	EndGlobalSection
EndGlobal
